
Microsoft Visual Studio Solution File, Format Version 12.00
# Visual Studio Version 16
VisualStudioVersion = 16.0.30611.23
MinimumVisualStudioVersion = 10.0.40219.1
Project("{FAE04EC0-301F-11D3-BF4B-00C04F79EFBC}") = "FstekParser", "FstekParser\FstekParser.csproj", "{6576ACF8-57DB-430E-95E0-D66C33D03027}"
EndProject
Global
	GlobalSection(SolutionConfigurationPlatforms) = preSolution
		Debug|Any CPU = Debug|Any CPU
		Release|Any CPU = Release|Any CPU
	EndGlobalSection
	GlobalSection(ProjectConfigurationPlatforms) = postSolution
		{6576ACF8-57DB-430E-95E0-D66C33D03027}.Debug|Any CPU.ActiveCfg = Debug|Any CPU
		{6576ACF8-57DB-430E-95E0-D66C33D03027}.Debug|Any CPU.Build.0 = Debug|Any CPU
		{6576ACF8-57DB-430E-95E0-D66C33D03027}.Release|Any CPU.ActiveCfg = Release|Any CPU
		{6576ACF8-57DB-430E-95E0-D66C33D03027}.Release|Any CPU.Build.0 = Release|Any CPU
	EndGlobalSection
	GlobalSection(SolutionProperties) = preSolution
		HideSolutionNode = FALSE
	EndGlobalSection
	GlobalSection(ExtensibilityGlobals) = postSolution
		SolutionGuid = {23330F38-3B93-409F-BD7B-82C37F101F99}
	EndGlobalSection
EndGlobal
